{
  "version": 4,
  "terraform_version": "1.8.3",
  "serial": 1,
  "lineage": "65e35c8f-ffeb-9b68-dd1e-c7e7579f3fd0",
  "outputs": {
    "access_key": {
      "value": "YCAJEIySL2V7EefM59t1iR4sa",
      "type": "string",
      "sensitive": true
    },
    "secret_key": {
      "value": "YCO9aHoU8wO3uIw4nRqQe0l1ni1pm88fwIozo871",
      "type": "string",
      "sensitive": true
    }
  },
  "resources": [
    {
      "mode": "managed",
      "type": "yandex_iam_service_account",
      "name": "sa",
      "provider": "provider[\"registry.terraform.io/yandex-cloud/yandex\"]",
      "instances": [
        {
          "schema_version": 0,
          "attributes": {
            "created_at": "2024-05-18T08:44:21Z",
            "description": "",
            "folder_id": "b1g4ea1ilh3n5q346576",
            "id": "ajev7smjm57mggrhqbbm",
            "name": "sa-skillfactory",
            "timeouts": null
          },
          "sensitive_attributes": [],
          "private": "eyJlMmJmYjczMC1lY2FhLTExZTYtOGY4OC0zNDM2M2JjN2M0YzAiOnsiY3JlYXRlIjo2MDAwMDAwMDAwMCwiZGVsZXRlIjo2MDAwMDAwMDAwMCwidXBkYXRlIjo2MDAwMDAwMDAwMH19"
        }
      ]
    },
    {
      "mode": "managed",
      "type": "yandex_iam_service_account_static_access_key",
      "name": "sa-static-key",
      "provider": "provider[\"registry.terraform.io/yandex-cloud/yandex\"]",
      "instances": [
        {
          "schema_version": 0,
          "attributes": {
            "access_key": "YCAJEIySL2V7EefM59t1iR4sa",
            "created_at": "2024-05-18T08:44:23Z",
            "description": "static access key for object storage",
            "encrypted_secret_key": null,
            "id": "ajeii483tv1rsuehnvgg",
            "key_fingerprint": null,
            "pgp_key": null,
            "secret_key": "YCO9aHoU8wO3uIw4nRqQe0l1ni1pm88fwIozo871",
            "service_account_id": "ajev7smjm57mggrhqbbm"
          },
          "sensitive_attributes": [
            [
              {
                "type": "get_attr",
                "value": "secret_key"
              }
            ]
          ],
          "private": "bnVsbA==",
          "dependencies": [
            "yandex_iam_service_account.sa"
          ]
        }
      ]
    },
    {
      "mode": "managed",
      "type": "yandex_resourcemanager_folder_iam_member",
      "name": "sa-editor",
      "provider": "provider[\"registry.terraform.io/yandex-cloud/yandex\"]",
      "instances": [
        {
          "schema_version": 0,
          "attributes": {
            "folder_id": "b1g4ea1ilh3n5q346576",
            "id": "b1g4ea1ilh3n5q346576/storage.editor/serviceAccount:ajev7smjm57mggrhqbbm",
            "member": "serviceAccount:ajev7smjm57mggrhqbbm",
            "role": "storage.editor",
            "sleep_after": null
          },
          "sensitive_attributes": [],
          "private": "bnVsbA==",
          "dependencies": [
            "yandex_iam_service_account.sa"
          ]
        }
      ]
    },
    {
      "mode": "managed",
      "type": "yandex_storage_bucket",
      "name": "me-bucket-less-5-3",
      "provider": "provider[\"registry.terraform.io/yandex-cloud/yandex\"]",
      "instances": [
        {
          "schema_version": 0,
          "attributes": {
            "access_key": "YCAJEIySL2V7EefM59t1iR4sa",
            "acl": "private",
            "bucket": "tf-me-less-bucket-5-3",
            "bucket_domain_name": "tf-me-less-bucket-5-3.storage.yandexcloud.net",
            "bucket_prefix": null,
            "cors_rule": [],
            "force_destroy": false,
            "grant": [],
            "id": "tf-me-less-bucket-5-3",
            "lifecycle_rule": [],
            "logging": [],
            "policy": null,
            "secret_key": "YCO9aHoU8wO3uIw4nRqQe0l1ni1pm88fwIozo871",
            "server_side_encryption_configuration": [],
            "versioning": [
              {
                "enabled": false
              }
            ],
            "website": [],
            "website_domain": null,
            "website_endpoint": null
          },
          "sensitive_attributes": [
            [
              {
                "type": "get_attr",
                "value": "secret_key"
              }
            ]
          ],
          "private": "bnVsbA==",
          "dependencies": [
            "yandex_iam_service_account.sa",
            "yandex_iam_service_account_static_access_key.sa-static-key"
          ]
        }
      ]
    }
  ],
  "check_results": null
}
